
Microsoft Visual Studio Solution File, Format Version 12.00
# Visual Studio Version 17
VisualStudioVersion = 17.4.33213.308
MinimumVisualStudioVersion = 10.0.40219.1
Project("{9A19103F-16F7-4668-BE54-9A1E7A4F7556}") = "Student", "Student\Student.csproj", "{1F2FE8C1-81A1-4893-BF5F-DB02CF58829E}"
EndProject
Global
	GlobalSection(SolutionConfigurationPlatforms) = preSolution
		Debug|Any CPU = Debug|Any CPU
		Release|Any CPU = Release|Any CPU
	EndGlobalSection
	GlobalSection(ProjectConfigurationPlatforms) = postSolution
		{1F2FE8C1-81A1-4893-BF5F-DB02CF58829E}.Debug|Any CPU.ActiveCfg = Debug|Any CPU
		{1F2FE8C1-81A1-4893-BF5F-DB02CF58829E}.Debug|Any CPU.Build.0 = Debug|Any CPU
		{1F2FE8C1-81A1-4893-BF5F-DB02CF58829E}.Release|Any CPU.ActiveCfg = Release|Any CPU
		{1F2FE8C1-81A1-4893-BF5F-DB02CF58829E}.Release|Any CPU.Build.0 = Release|Any CPU
	EndGlobalSection
	GlobalSection(SolutionProperties) = preSolution
		HideSolutionNode = FALSE
	EndGlobalSection
	GlobalSection(ExtensibilityGlobals) = postSolution
		SolutionGuid = {AC44492F-9DFD-4BC8-ACD6-3B4C3EF9FA38}
	EndGlobalSection
EndGlobal
